
Microsoft Visual Studio Solution File, Format Version 12.00
# Visual Studio Version 17
VisualStudioVersion = 17.11.35222.181
MinimumVisualStudioVersion = 10.0.40219.1
Project("{FAE04EC0-301F-11D3-BF4B-00C04F79EFBC}") = "RealTimeChat", "RealTimeChat.csproj", "{5A033AB2-5C96-4806-909D-C81E7723CF39}"
EndProject
Global
	GlobalSection(SolutionConfigurationPlatforms) = preSolution
		Debug|Any CPU = Debug|Any CPU
		Release|Any CPU = Release|Any CPU
	EndGlobalSection
	GlobalSection(ProjectConfigurationPlatforms) = postSolution
		{5A033AB2-5C96-4806-909D-C81E7723CF39}.Debug|Any CPU.ActiveCfg = Debug|Any CPU
		{5A033AB2-5C96-4806-909D-C81E7723CF39}.Debug|Any CPU.Build.0 = Debug|Any CPU
		{5A033AB2-5C96-4806-909D-C81E7723CF39}.Release|Any CPU.ActiveCfg = Release|Any CPU
		{5A033AB2-5C96-4806-909D-C81E7723CF39}.Release|Any CPU.Build.0 = Release|Any CPU
	EndGlobalSection
	GlobalSection(SolutionProperties) = preSolution
		HideSolutionNode = FALSE
	EndGlobalSection
	GlobalSection(ExtensibilityGlobals) = postSolution
		SolutionGuid = {D6A7AEE7-6125-4F6F-85DB-AE0A872ADA52}
	EndGlobalSection
EndGlobal
